<?xml version="1.0" encoding="utf-8"?>
<Project ToolsVersion="4.0" xmlns="http://schemas.microsoft.com/developer/msbuild/2003">
  <ItemGroup>
    <Filter Include="Source Files">
      <UniqueIdentifier>{4FC737F1-C7A5-4376-A066-2A32D752A2FF}</UniqueIdentifier>
      <Extensions>cpp;c;cc;cxx;def;odl;idl;hpj;bat;asm;asmx</Extensions>
    </Filter>
    <Filter Include="Header Files">
      <UniqueIdentifier>{93995380-89BD-4b04-88EB-625FBE52EBFB}</UniqueIdentifier>
      <Extensions>h;hpp;hxx;hm;inl;inc;xsd</Extensions>
    </Filter>
  </ItemGroup>
  <ItemGroup>
    <ClCompile Include="..\maya_export_tools.cxx">
      <Filter>Source Files</Filter>
    </ClCompile>
    <ClCompile Include="..\maya_fix_fpu_cw.cxx">
      <Filter>Source Files</Filter>
    </ClCompile>
    <ClCompile Include="..\maya_import_tools.cxx">
      <Filter>Source Files</Filter>
    </ClCompile>
    <ClCompile Include="..\maya_xray_material.cxx">
      <Filter>Source Files</Filter>
    </ClCompile>
    <ClCompile Include="..\maya_xray_tools.cxx">
      <Filter>Source Files</Filter>
    </ClCompile>
  </ItemGroup>
  <ItemGroup>
    <ClInclude Include="..\maya_export_tools.h">
      <Filter>Header Files</Filter>
    </ClInclude>
    <ClInclude Include="..\maya_fix_fpu_cw.h">
      <Filter>Header Files</Filter>
    </ClInclude>
    <ClInclude Include="..\maya_import_tools.h">
      <Filter>Header Files</Filter>
    </ClInclude>
    <ClInclude Include="..\maya_progress.h">
      <Filter>Header Files</Filter>
    </ClInclude>
    <ClInclude Include="..\maya_xray_material.h">
      <Filter>Header Files</Filter>
    </ClInclude>
  </ItemGroup>
</Project>